// !$*UTF8*$!
{
	archiveVersion = 1;
	classes = {
	};
	objectVersion = 77;
	objects = {

/* Begin PBXFileReference section */
		4084A1232CD89365003AB624 /* main.swift */ = {isa = PBXFileReference; lastKnownFileType = sourcecode.swift; path = main.swift; sourceTree = "<group>"; };
/* End PBXFileReference section */

/* Begin PBXGroup section */
		4084A11C2CD8934C003AB624 = {
			isa = PBXGroup;
			children = (
				4084A1232CD89365003AB624 /* main.swift */,
			);
			sourceTree = "<group>";
		};
/* End PBXGroup section */

/* Begin PBXProject section */
		4084A11D2CD8934C003AB624 /* Project object */ = {
			isa = PBXProject;
			attributes = {
				BuildIndependentTargetsInParallel = 1;
				LastUpgradeCheck = 1600;
			};
			buildConfigurationList = 4084A1202CD8934C003AB624 /* Build configuration list for PBXProject "miniProject-obstacleAvoidance" */;
			developmentRegion = en;
			hasScannedForEncodings = 0;
			knownRegions = (
				en,
				Base,
			);
			mainGroup = 4084A11C2CD8934C003AB624;
			minimizedProjectReferenceProxies = 1;
			preferredProjectObjectVersion = 77;
			projectDirPath = "";
			projectRoot = "";
			targets = (
			);
		};
/* End PBXProject section */

/* Begin XCBuildConfiguration section */
		4084A1212CD8934C003AB624 /* Debug */ = {
			isa = XCBuildConfiguration;
			buildSettings = {
			};
			name = Debug;
		};
		4084A1222CD8934C003AB624 /* Release */ = {
			isa = XCBuildConfiguration;
			buildSettings = {
			};
			name = Release;
		};
/* End XCBuildConfiguration section */

/* Begin XCConfigurationList section */
		4084A1202CD8934C003AB624 /* Build configuration list for PBXProject "miniProject-obstacleAvoidance" */ = {
			isa = XCConfigurationList;
			buildConfigurations = (
				4084A1212CD8934C003AB624 /* Debug */,
				4084A1222CD8934C003AB624 /* Release */,
			);
			defaultConfigurationIsVisible = 0;
			defaultConfigurationName = Release;
		};
/* End XCConfigurationList section */
	};
	rootObject = 4084A11D2CD8934C003AB624 /* Project object */;
}
